PODS:
  - FlexLayout (1.2.2):
    - Yoga
  - Nimble (7.0.3)
  - PinLayout (1.5.6)
  - Quick (1.2.0)
  - Reveal-SDK (10)
  - StackViewLayout (0.1.5)
  - SwiftLint (0.24.0)
  - Yoga (1.6.0)

DEPENDENCIES:
  - FlexLayout
  - Nimble
  - PinLayout
  - Quick
  - Reveal-SDK (~> 10)
  - StackViewLayout (from `./`)
  - SwiftLint

EXTERNAL SOURCES:
  StackViewLayout:
    :path: ./

SPEC CHECKSUMS:
  FlexLayout: 96fb7794cf3d427112cd7f110e958bfe7f02b3af
  Nimble: 7f5a9c447a33002645a071bddafbfb24ea70e0ac
  PinLayout: f7d1dc9a64c351cd9fc46293e5ed6c4172971ca4
  Quick: 58d203b1c5e27fff7229c4c1ae445ad7069a7a08
  Reveal-SDK: 7869ddf1f902cabbb07a1f0dd06bd25861a126f7
  StackViewLayout: d928641696aa0ce58cc04a6a29c29676b0eac058
  SwiftLint: a014c92b4664e8b13f380f8640a51bb1733778ba
  Yoga: 81670877477311136b1b3f69a6307ce62e1c89cf

PODFILE CHECKSUM: fb4ffaec7d79544836b92bcf7a7b9d2d55cafd10

COCOAPODS: 1.3.1
