PODS:
  - FlexLayout (1.3.17)
  - Nimble (8.0.2)
  - PinLayout (1.8.13)
  - Quick (2.1.0)
  - Reveal-SDK (17)
  - StackViewLayout (0.1.7)
  - SwiftLint (0.36.0)

DEPENDENCIES:
  - FlexLayout
  - Nimble (= 8.0.2)
  - PinLayout
  - Quick (= 2.1.0)
  - Reveal-SDK (~> 17)
  - StackViewLayout (from `./`)
  - SwiftLint

SPEC REPOS:
  trunk:
    - FlexLayout
    - Nimble
    - PinLayout
    - Quick
    - Reveal-SDK
    - SwiftLint

EXTERNAL SOURCES:
  StackViewLayout:
    :path: "./"

SPEC CHECKSUMS:
  FlexLayout: 257b6763526bc957d2abc2b77a05760b86ca0e21
  Nimble: 622629381bda1dd5678162f21f1368cec7cbba60
  PinLayout: e41a50260a76508b7a7fcee8955c76639adc69bc
  Quick: 4be43f6634acfa727dd106bdf3929ce125ffa79d
  Reveal-SDK: a6df49f47319bd19a110c960c498af32df72c0af
  StackViewLayout: cbb69c38cb664b754b109330fa05f7db6ad27711
  SwiftLint: fc9859e4e1752340664851f667bb1898b9c90114

PODFILE CHECKSUM: 587a8374552cc55febe214f98e912720e0b0561a

COCOAPODS: 1.8.4
