// !$*UTF8*$!
{
	archiveVersion = 1;
	classes = {
	};
	objectVersion = 46;
	objects = {

/* Begin PBXBuildFile section */
		2423C79E1FD0B00B00C794AE /* IntroView.swift in Sources */ = {isa = PBXBuildFile; fileRef = 24F75B591EE5644E008DB567 /* IntroView.swift */; };
		2423C79F1FD0B00B00C794AE /* IntroViewController.swift in Sources */ = {isa = PBXBuildFile; fileRef = 24F75B5A1EE5644E008DB567 /* IntroViewController.swift */; };
		2439CC351E665BF6003326FB /* MenuView.swift in Sources */ = {isa = PBXBuildFile; fileRef = 2439CC331E665BF6003326FB /* MenuView.swift */; };
		2439CC361E665BF6003326FB /* MenuViewController.swift in Sources */ = {isa = PBXBuildFile; fileRef = 2439CC341E665BF6003326FB /* MenuViewController.swift */; };
		2439CC4B1E665C6B003326FB /* BasicView.swift in Sources */ = {isa = PBXBuildFile; fileRef = 2439CC381E665C6B003326FB /* BasicView.swift */; };
		247157941F87BD680003424F /* UIEdgeInsets+PinLayout.swift in Sources */ = {isa = PBXBuildFile; fileRef = 247157931F87BD680003424F /* UIEdgeInsets+PinLayout.swift */; };
		2479AD802001737300F39774 /* BasicButton.swift in Sources */ = {isa = PBXBuildFile; fileRef = 2479AD7F2001737300F39774 /* BasicButton.swift */; };
		249326891EEEEE3D00BCB814 /* Stylesheet.swift in Sources */ = {isa = PBXBuildFile; fileRef = 249326881EEEEE3D00BCB814 /* Stylesheet.swift */; };
		2493268C1EEEEFF100BCB814 /* BaseViewController.swift in Sources */ = {isa = PBXBuildFile; fileRef = 2493268B1EEEEFF100BCB814 /* BaseViewController.swift */; };
		2493268E1EEEF02700BCB814 /* BaseView.swift in Sources */ = {isa = PBXBuildFile; fileRef = 2493268D1EEEF02700BCB814 /* BaseView.swift */; };
		249EFE431E64FAFE00165E39 /* AppDelegate.swift in Sources */ = {isa = PBXBuildFile; fileRef = 249EFE421E64FAFE00165E39 /* AppDelegate.swift */; };
		249EFE4A1E64FAFE00165E39 /* Assets.xcassets in Resources */ = {isa = PBXBuildFile; fileRef = 249EFE491E64FAFE00165E39 /* Assets.xcassets */; };
		249EFE4D1E64FAFE00165E39 /* LaunchScreen.storyboard in Resources */ = {isa = PBXBuildFile; fileRef = 249EFE4B1E64FAFE00165E39 /* LaunchScreen.storyboard */; };
		24DA374B1EF7F90600D1AB2F /* BaseFormView.swift in Sources */ = {isa = PBXBuildFile; fileRef = 24DA374A1EF7F90600D1AB2F /* BaseFormView.swift */; };
		24EC06EE1FD87DD300459C62 /* DocExamplesView.swift in Sources */ = {isa = PBXBuildFile; fileRef = 24EC06E91FD87DD300459C62 /* DocExamplesView.swift */; };
		24EC06EF1FD87DD300459C62 /* DocExamplesViewController.swift in Sources */ = {isa = PBXBuildFile; fileRef = 24EC06EA1FD87DD300459C62 /* DocExamplesViewController.swift */; };
		24F246141FA8D57100B6332E /* UIImageView+Download.swift in Sources */ = {isa = PBXBuildFile; fileRef = 24F246131FA8D57100B6332E /* UIImageView+Download.swift */; };
		DF8B0312200BE028008FF4CA /* AutolayoutViewController.swift in Sources */ = {isa = PBXBuildFile; fileRef = DF8B0310200BE028008FF4CA /* AutolayoutViewController.swift */; };
		DF8B0314200BE042008FF4CA /* Autolayout.storyboard in Resources */ = {isa = PBXBuildFile; fileRef = DF8B0313200BE042008FF4CA /* Autolayout.storyboard */; };
		DFE6FF28202DC9F2007633A3 /* CollectionViewExampleViewController.swift in Sources */ = {isa = PBXBuildFile; fileRef = 24F2460E1FA8D4D100B6332E /* CollectionViewExampleViewController.swift */; };
		DFE6FF29202DC9F5007633A3 /* CollectionViewExampleView.swift in Sources */ = {isa = PBXBuildFile; fileRef = 24F2460D1FA8D4D100B6332E /* CollectionViewExampleView.swift */; };
		DFE6FF2A202DC9F8007633A3 /* HouseCell.swift in Sources */ = {isa = PBXBuildFile; fileRef = 24F2460F1FA8D4D100B6332E /* HouseCell.swift */; };
		DFEE3CCE202BDC24004AEC4F /* UnitTestsViewController.swift in Sources */ = {isa = PBXBuildFile; fileRef = 24040D2A1FA3B39300682980 /* UnitTestsViewController.swift */; };
		DFEE3CD2202BDC2E004AEC4F /* UnitTestsView.swift in Sources */ = {isa = PBXBuildFile; fileRef = 24040D291FA3B39300682980 /* UnitTestsView.swift */; };
		FC19F3AB71E0416A5DF3C997 /* Pods_StackLayoutExample.framework in Frameworks */ = {isa = PBXBuildFile; fileRef = 10BC1DFC5AD1ACBF99B5F0F2 /* Pods_StackLayoutExample.framework */; };
/* End PBXBuildFile section */

/* Begin PBXContainerItemProxy section */
		24EC06B31FD2550300459C62 /* PBXContainerItemProxy */ = {
			isa = PBXContainerItemProxy;
			containerPortal = 24EC06AD1FD2550300459C62 /* StackLayout.xcodeproj */;
			proxyType = 2;
			remoteGlobalIDString = 249EFE7A1E64FB4C00165E39;
			remoteInfo = StackLayout;
		};
		24EC06B51FD2550300459C62 /* PBXContainerItemProxy */ = {
			isa = PBXContainerItemProxy;
			containerPortal = 24EC06AD1FD2550300459C62 /* StackLayout.xcodeproj */;
			proxyType = 2;
			remoteGlobalIDString = 249EFE831E64FB4C00165E39;
			remoteInfo = StackLayoutTests;
		};
		24EC06B71FD2550300459C62 /* PBXContainerItemProxy */ = {
			isa = PBXContainerItemProxy;
			containerPortal = 24EC06AD1FD2550300459C62 /* StackLayout.xcodeproj */;
			proxyType = 2;
			remoteGlobalIDString = 244DF2F81EF46C500090508B;
			remoteInfo = StackLayoutTVOS;
		};
/* End PBXContainerItemProxy section */

/* Begin PBXCopyFilesBuildPhase section */
		2468130D1F8D013600462E53 /* Embed App Extensions */ = {
			isa = PBXCopyFilesBuildPhase;
			buildActionMask = 2147483647;
			dstPath = "";
			dstSubfolderSpec = 13;
			files = (
			);
			name = "Embed App Extensions";
			runOnlyForDeploymentPostprocessing = 0;
		};
/* End PBXCopyFilesBuildPhase section */

/* Begin PBXFileReference section */
		10BC1DFC5AD1ACBF99B5F0F2 /* Pods_StackLayoutExample.framework */ = {isa = PBXFileReference; explicitFileType = wrapper.framework; includeInIndex = 0; path = Pods_StackLayoutExample.framework; sourceTree = BUILT_PRODUCTS_DIR; };
		24040D291FA3B39300682980 /* UnitTestsView.swift */ = {isa = PBXFileReference; fileEncoding = 4; lastKnownFileType = sourcecode.swift; path = UnitTestsView.swift; sourceTree = "<group>"; };
		24040D2A1FA3B39300682980 /* UnitTestsViewController.swift */ = {isa = PBXFileReference; fileEncoding = 4; lastKnownFileType = sourcecode.swift; path = UnitTestsViewController.swift; sourceTree = "<group>"; };
		2439CC331E665BF6003326FB /* MenuView.swift */ = {isa = PBXFileReference; fileEncoding = 4; lastKnownFileType = sourcecode.swift; path = MenuView.swift; sourceTree = "<group>"; };
		2439CC341E665BF6003326FB /* MenuViewController.swift */ = {isa = PBXFileReference; fileEncoding = 4; lastKnownFileType = sourcecode.swift; path = MenuViewController.swift; sourceTree = "<group>"; };
		2439CC381E665C6B003326FB /* BasicView.swift */ = {isa = PBXFileReference; fileEncoding = 4; lastKnownFileType = sourcecode.swift; path = BasicView.swift; sourceTree = "<group>"; };
		246812FC1F8D013500462E53 /* NotificationCenter.framework */ = {isa = PBXFileReference; lastKnownFileType = wrapper.framework; name = NotificationCenter.framework; path = System/Library/Frameworks/NotificationCenter.framework; sourceTree = SDKROOT; };
		247157931F87BD680003424F /* UIEdgeInsets+PinLayout.swift */ = {isa = PBXFileReference; lastKnownFileType = sourcecode.swift; path = "UIEdgeInsets+PinLayout.swift"; sourceTree = "<group>"; };
		2479AD7F2001737300F39774 /* BasicButton.swift */ = {isa = PBXFileReference; fileEncoding = 4; lastKnownFileType = sourcecode.swift; path = BasicButton.swift; sourceTree = "<group>"; };
		249326881EEEEE3D00BCB814 /* Stylesheet.swift */ = {isa = PBXFileReference; fileEncoding = 4; lastKnownFileType = sourcecode.swift; path = Stylesheet.swift; sourceTree = "<group>"; };
		2493268B1EEEEFF100BCB814 /* BaseViewController.swift */ = {isa = PBXFileReference; fileEncoding = 4; lastKnownFileType = sourcecode.swift; path = BaseViewController.swift; sourceTree = "<group>"; };
		2493268D1EEEF02700BCB814 /* BaseView.swift */ = {isa = PBXFileReference; fileEncoding = 4; lastKnownFileType = sourcecode.swift; path = BaseView.swift; sourceTree = "<group>"; };
		2497CFEB1EF40B9100DFD13B /* FormView.swift */ = {isa = PBXFileReference; fileEncoding = 4; lastKnownFileType = sourcecode.swift; path = FormView.swift; sourceTree = "<group>"; };
		2497CFEC1EF40B9100DFD13B /* FormViewController.swift */ = {isa = PBXFileReference; fileEncoding = 4; lastKnownFileType = sourcecode.swift; path = FormViewController.swift; sourceTree = "<group>"; };
		249EFE3F1E64FAFE00165E39 /* StackLayoutExample.app */ = {isa = PBXFileReference; explicitFileType = wrapper.application; includeInIndex = 0; path = StackLayoutExample.app; sourceTree = BUILT_PRODUCTS_DIR; };
		249EFE421E64FAFE00165E39 /* AppDelegate.swift */ = {isa = PBXFileReference; lastKnownFileType = sourcecode.swift; path = AppDelegate.swift; sourceTree = "<group>"; };
		249EFE491E64FAFE00165E39 /* Assets.xcassets */ = {isa = PBXFileReference; lastKnownFileType = folder.assetcatalog; path = Assets.xcassets; sourceTree = "<group>"; };
		249EFE4C1E64FAFE00165E39 /* Base */ = {isa = PBXFileReference; lastKnownFileType = file.storyboard; name = Base; path = Base.lproj/LaunchScreen.storyboard; sourceTree = "<group>"; };
		249EFE4E1E64FAFE00165E39 /* Info.plist */ = {isa = PBXFileReference; lastKnownFileType = text.plist.xml; path = Info.plist; sourceTree = "<group>"; };
		24A9C1F01EF0542F00F2CF64 /* TableViewExampleView.swift */ = {isa = PBXFileReference; fileEncoding = 4; lastKnownFileType = sourcecode.swift; path = TableViewExampleView.swift; sourceTree = "<group>"; };
		24A9C1F11EF0542F00F2CF64 /* TableViewExampleViewController.swift */ = {isa = PBXFileReference; fileEncoding = 4; lastKnownFileType = sourcecode.swift; path = TableViewExampleViewController.swift; sourceTree = "<group>"; };
		24A9C1F51EF054BF00F2CF64 /* MethodCell.swift */ = {isa = PBXFileReference; fileEncoding = 4; lastKnownFileType = sourcecode.swift; path = MethodCell.swift; sourceTree = "<group>"; };
		24A9C2011EF16A3E00F2CF64 /* AutoAdjustingSizeView.swift */ = {isa = PBXFileReference; fileEncoding = 4; lastKnownFileType = sourcecode.swift; path = AutoAdjustingSizeView.swift; sourceTree = "<group>"; };
		24A9C2021EF16A3E00F2CF64 /* AutoAdjustingSizeViewController.swift */ = {isa = PBXFileReference; fileEncoding = 4; lastKnownFileType = sourcecode.swift; path = AutoAdjustingSizeViewController.swift; sourceTree = "<group>"; };
		24CB99971F290540004EA7FB /* MethodGroupHeader.swift */ = {isa = PBXFileReference; fileEncoding = 4; lastKnownFileType = sourcecode.swift; path = MethodGroupHeader.swift; sourceTree = "<group>"; };
		24CB999A1F29059B004EA7FB /* AdjustToContainerView.swift */ = {isa = PBXFileReference; fileEncoding = 4; lastKnownFileType = sourcecode.swift; path = AdjustToContainerView.swift; sourceTree = "<group>"; };
		24CB999B1F29059B004EA7FB /* AdjustToContainerViewController.swift */ = {isa = PBXFileReference; fileEncoding = 4; lastKnownFileType = sourcecode.swift; path = AdjustToContainerViewController.swift; sourceTree = "<group>"; };
		24CB999F1F290664004EA7FB /* ChoiceSelectorView.swift */ = {isa = PBXFileReference; fileEncoding = 4; lastKnownFileType = sourcecode.swift; path = ChoiceSelectorView.swift; sourceTree = "<group>"; };
		24DA374A1EF7F90600D1AB2F /* BaseFormView.swift */ = {isa = PBXFileReference; fileEncoding = 4; lastKnownFileType = sourcecode.swift; path = BaseFormView.swift; sourceTree = "<group>"; };
		24EC06AD1FD2550300459C62 /* StackLayout.xcodeproj */ = {isa = PBXFileReference; lastKnownFileType = "wrapper.pb-project"; name = StackLayout.xcodeproj; path = ../StackLayout.xcodeproj; sourceTree = "<group>"; };
		24EC06E91FD87DD300459C62 /* DocExamplesView.swift */ = {isa = PBXFileReference; fileEncoding = 4; lastKnownFileType = sourcecode.swift; path = DocExamplesView.swift; sourceTree = "<group>"; };
		24EC06EA1FD87DD300459C62 /* DocExamplesViewController.swift */ = {isa = PBXFileReference; fileEncoding = 4; lastKnownFileType = sourcecode.swift; path = DocExamplesViewController.swift; sourceTree = "<group>"; };
		24F2460D1FA8D4D100B6332E /* CollectionViewExampleView.swift */ = {isa = PBXFileReference; fileEncoding = 4; lastKnownFileType = sourcecode.swift; path = CollectionViewExampleView.swift; sourceTree = "<group>"; };
		24F2460E1FA8D4D100B6332E /* CollectionViewExampleViewController.swift */ = {isa = PBXFileReference; fileEncoding = 4; lastKnownFileType = sourcecode.swift; path = CollectionViewExampleViewController.swift; sourceTree = "<group>"; };
		24F2460F1FA8D4D100B6332E /* HouseCell.swift */ = {isa = PBXFileReference; fileEncoding = 4; lastKnownFileType = sourcecode.swift; path = HouseCell.swift; sourceTree = "<group>"; };
		24F246131FA8D57100B6332E /* UIImageView+Download.swift */ = {isa = PBXFileReference; fileEncoding = 4; lastKnownFileType = sourcecode.swift; path = "UIImageView+Download.swift"; sourceTree = "<group>"; };
		24F75B591EE5644E008DB567 /* IntroView.swift */ = {isa = PBXFileReference; fileEncoding = 4; lastKnownFileType = sourcecode.swift; path = IntroView.swift; sourceTree = "<group>"; };
		24F75B5A1EE5644E008DB567 /* IntroViewController.swift */ = {isa = PBXFileReference; fileEncoding = 4; lastKnownFileType = sourcecode.swift; path = IntroViewController.swift; sourceTree = "<group>"; };
		6C5CD8EA1E5BB0E5D392D540 /* Pods-StackLayoutExample.release.xcconfig */ = {isa = PBXFileReference; includeInIndex = 1; lastKnownFileType = text.xcconfig; name = "Pods-StackLayoutExample.release.xcconfig"; path = "../Pods/Target Support Files/Pods-StackLayoutExample/Pods-StackLayoutExample.release.xcconfig"; sourceTree = "<group>"; };
		75A95B71B3F3BC52EEC8208B /* Pods-StackLayoutExample.debug.xcconfig */ = {isa = PBXFileReference; includeInIndex = 1; lastKnownFileType = text.xcconfig; name = "Pods-StackLayoutExample.debug.xcconfig"; path = "../Pods/Target Support Files/Pods-StackLayoutExample/Pods-StackLayoutExample.debug.xcconfig"; sourceTree = "<group>"; };
		A35A00E6536E49A548E763E6 /* Pods-PinLayoutSample.debug.xcconfig */ = {isa = PBXFileReference; includeInIndex = 1; lastKnownFileType = text.xcconfig; name = "Pods-PinLayoutSample.debug.xcconfig"; path = "../Pods/Target Support Files/Pods-PinLayoutSample/Pods-PinLayoutSample.debug.xcconfig"; sourceTree = "<group>"; };
		AAD69688AA2A3F0994F3074E /* Pods_PinLayoutSample.framework */ = {isa = PBXFileReference; explicitFileType = wrapper.framework; includeInIndex = 0; path = Pods_PinLayoutSample.framework; sourceTree = BUILT_PRODUCTS_DIR; };
		C589624E868FCB20F7C10918 /* Pods-PinLayoutSample.release.xcconfig */ = {isa = PBXFileReference; includeInIndex = 1; lastKnownFileType = text.xcconfig; name = "Pods-PinLayoutSample.release.xcconfig"; path = "../Pods/Target Support Files/Pods-PinLayoutSample/Pods-PinLayoutSample.release.xcconfig"; sourceTree = "<group>"; };
		DF8B0310200BE028008FF4CA /* AutolayoutViewController.swift */ = {isa = PBXFileReference; fileEncoding = 4; lastKnownFileType = sourcecode.swift; path = AutolayoutViewController.swift; sourceTree = "<group>"; };
		DF8B0313200BE042008FF4CA /* Autolayout.storyboard */ = {isa = PBXFileReference; lastKnownFileType = file.storyboard; path = Autolayout.storyboard; sourceTree = "<group>"; };
/* End PBXFileReference section */

/* Begin PBXFrameworksBuildPhase section */
		249EFE3C1E64FAFE00165E39 /* Frameworks */ = {
			isa = PBXFrameworksBuildPhase;
			buildActionMask = 2147483647;
			files = (
				FC19F3AB71E0416A5DF3C997 /* Pods_StackLayoutExample.framework in Frameworks */,
			);
			runOnlyForDeploymentPostprocessing = 0;
		};
/* End PBXFrameworksBuildPhase section */

/* Begin PBXGroup section */
		160FB83905049FCEDD18DC8A /* Frameworks */ = {
			isa = PBXGroup;
			children = (
				AAD69688AA2A3F0994F3074E /* Pods_PinLayoutSample.framework */,
				246812FC1F8D013500462E53 /* NotificationCenter.framework */,
				10BC1DFC5AD1ACBF99B5F0F2 /* Pods_StackLayoutExample.framework */,
			);
			name = Frameworks;
			sourceTree = "<group>";
		};
		24040D281FA3B39300682980 /* UnitTests */ = {
			isa = PBXGroup;
			children = (
				24040D291FA3B39300682980 /* UnitTestsView.swift */,
				24040D2A1FA3B39300682980 /* UnitTestsViewController.swift */,
			);
			path = UnitTests;
			sourceTree = "<group>";
		};
		2439CC321E665BE3003326FB /* UI */ = {
			isa = PBXGroup;
			children = (
				2439CC5E1E665C71003326FB /* Common */,
				2439CC661E666128003326FB /* Menu */,
				2439CC371E665C5E003326FB /* Examples */,
			);
			path = UI;
			sourceTree = "<group>";
		};
		2439CC371E665C5E003326FB /* Examples */ = {
			isa = PBXGroup;
			children = (
				DF8B0309200BDFA5008FF4CA /* Autolayout */,
				24F2460C1FA8D4D100B6332E /* CollectionViewExample */,
				24CB99991F290591004EA7FB /* AdjustToContainer */,
				DF66F9D61E8493D400ADB8D5 /* AutoAdjustingSizeView */,
				24EC06E81FD87DD300459C62 /* DocExamples */,
				2497CFEA1EF40B8100DFD13B /* Form */,
				24F75B581EE5642C008DB567 /* Intro */,
				24A9C1EF1EF0542500F2CF64 /* TableViewExample */,
				24040D281FA3B39300682980 /* UnitTests */,
			);
			path = Examples;
			sourceTree = "<group>";
		};
		2439CC5E1E665C71003326FB /* Common */ = {
			isa = PBXGroup;
			children = (
				24DA374A1EF7F90600D1AB2F /* BaseFormView.swift */,
				2493268D1EEEF02700BCB814 /* BaseView.swift */,
				2493268B1EEEEFF100BCB814 /* BaseViewController.swift */,
				2439CC381E665C6B003326FB /* BasicView.swift */,
				2479AD7F2001737300F39774 /* BasicButton.swift */,
				249326881EEEEE3D00BCB814 /* Stylesheet.swift */,
				247157931F87BD680003424F /* UIEdgeInsets+PinLayout.swift */,
				24F246131FA8D57100B6332E /* UIImageView+Download.swift */,
			);
			path = Common;
			sourceTree = "<group>";
		};
		2439CC661E666128003326FB /* Menu */ = {
			isa = PBXGroup;
			children = (
				2439CC331E665BF6003326FB /* MenuView.swift */,
				2439CC341E665BF6003326FB /* MenuViewController.swift */,
			);
			path = Menu;
			sourceTree = "<group>";
		};
		2439CC671E66614D003326FB /* Supporting Files */ = {
			isa = PBXGroup;
			children = (
				249EFE491E64FAFE00165E39 /* Assets.xcassets */,
				249EFE4E1E64FAFE00165E39 /* Info.plist */,
				249EFE4B1E64FAFE00165E39 /* LaunchScreen.storyboard */,
			);
			path = "Supporting Files";
			sourceTree = "<group>";
		};
		2497CFEA1EF40B8100DFD13B /* Form */ = {
			isa = PBXGroup;
			children = (
				2497CFEB1EF40B9100DFD13B /* FormView.swift */,
				2497CFEC1EF40B9100DFD13B /* FormViewController.swift */,
			);
			path = Form;
			sourceTree = "<group>";
		};
		249EFE361E64FAFE00165E39 = {
			isa = PBXGroup;
			children = (
				249EFE411E64FAFE00165E39 /* StackLayoutExample */,
				160FB83905049FCEDD18DC8A /* Frameworks */,
				F143180314A617EFD07C5709 /* Pods */,
				249EFE401E64FAFE00165E39 /* Products */,
				24EC06AD1FD2550300459C62 /* StackLayout.xcodeproj */,
			);
			sourceTree = "<group>";
		};
		249EFE401E64FAFE00165E39 /* Products */ = {
			isa = PBXGroup;
			children = (
				249EFE3F1E64FAFE00165E39 /* StackLayoutExample.app */,
			);
			name = Products;
			sourceTree = "<group>";
		};
		249EFE411E64FAFE00165E39 /* StackLayoutExample */ = {
			isa = PBXGroup;
			children = (
				249EFE421E64FAFE00165E39 /* AppDelegate.swift */,
				2439CC321E665BE3003326FB /* UI */,
				2439CC671E66614D003326FB /* Supporting Files */,
			);
			path = StackLayoutExample;
			sourceTree = "<group>";
		};
		24A9C1EF1EF0542500F2CF64 /* TableViewExample */ = {
			isa = PBXGroup;
			children = (
				24A9C1F41EF054A900F2CF64 /* Cells */,
				24A9C1F01EF0542F00F2CF64 /* TableViewExampleView.swift */,
				24A9C1F11EF0542F00F2CF64 /* TableViewExampleViewController.swift */,
			);
			path = TableViewExample;
			sourceTree = "<group>";
		};
		24A9C1F41EF054A900F2CF64 /* Cells */ = {
			isa = PBXGroup;
			children = (
				24A9C1F51EF054BF00F2CF64 /* MethodCell.swift */,
				24CB99971F290540004EA7FB /* MethodGroupHeader.swift */,
			);
			path = Cells;
			sourceTree = "<group>";
		};
		24CB99991F290591004EA7FB /* AdjustToContainer */ = {
			isa = PBXGroup;
			children = (
				24CB999E1F29063A004EA7FB /* Subviews */,
				24CB999A1F29059B004EA7FB /* AdjustToContainerView.swift */,
				24CB999B1F29059B004EA7FB /* AdjustToContainerViewController.swift */,
			);
			path = AdjustToContainer;
			sourceTree = "<group>";
		};
		24CB999E1F29063A004EA7FB /* Subviews */ = {
			isa = PBXGroup;
			children = (
				24CB999F1F290664004EA7FB /* ChoiceSelectorView.swift */,
			);
			path = Subviews;
			sourceTree = "<group>";
		};
		24EC06AE1FD2550300459C62 /* Products */ = {
			isa = PBXGroup;
			children = (
				24EC06B41FD2550300459C62 /* StackLayout.framework */,
				24EC06B61FD2550300459C62 /* StackLayoutTests.xctest */,
				24EC06B81FD2550300459C62 /* StackLayoutTVOS.framework */,
			);
			name = Products;
			sourceTree = "<group>";
		};
		24EC06E81FD87DD300459C62 /* DocExamples */ = {
			isa = PBXGroup;
			children = (
				24EC06E91FD87DD300459C62 /* DocExamplesView.swift */,
				24EC06EA1FD87DD300459C62 /* DocExamplesViewController.swift */,
			);
			path = DocExamples;
			sourceTree = "<group>";
		};
		24F2460C1FA8D4D100B6332E /* CollectionViewExample */ = {
			isa = PBXGroup;
			children = (
				24F2460D1FA8D4D100B6332E /* CollectionViewExampleView.swift */,
				24F2460E1FA8D4D100B6332E /* CollectionViewExampleViewController.swift */,
				24F2460F1FA8D4D100B6332E /* HouseCell.swift */,
			);
			path = CollectionViewExample;
			sourceTree = "<group>";
		};
		24F75B581EE5642C008DB567 /* Intro */ = {
			isa = PBXGroup;
			children = (
				24F75B591EE5644E008DB567 /* IntroView.swift */,
				24F75B5A1EE5644E008DB567 /* IntroViewController.swift */,
			);
			path = Intro;
			sourceTree = "<group>";
		};
		DF66F9D61E8493D400ADB8D5 /* AutoAdjustingSizeView */ = {
			isa = PBXGroup;
			children = (
				24A9C2011EF16A3E00F2CF64 /* AutoAdjustingSizeView.swift */,
				24A9C2021EF16A3E00F2CF64 /* AutoAdjustingSizeViewController.swift */,
			);
			path = AutoAdjustingSizeView;
			sourceTree = "<group>";
		};
		DF8B0309200BDFA5008FF4CA /* Autolayout */ = {
			isa = PBXGroup;
			children = (
				DF8B0310200BE028008FF4CA /* AutolayoutViewController.swift */,
				DF8B0313200BE042008FF4CA /* Autolayout.storyboard */,
			);
			path = Autolayout;
			sourceTree = "<group>";
		};
		F143180314A617EFD07C5709 /* Pods */ = {
			isa = PBXGroup;
			children = (
				A35A00E6536E49A548E763E6 /* Pods-PinLayoutSample.debug.xcconfig */,
				C589624E868FCB20F7C10918 /* Pods-PinLayoutSample.release.xcconfig */,
				75A95B71B3F3BC52EEC8208B /* Pods-StackLayoutExample.debug.xcconfig */,
				6C5CD8EA1E5BB0E5D392D540 /* Pods-StackLayoutExample.release.xcconfig */,
			);
			name = Pods;
			sourceTree = "<group>";
		};
/* End PBXGroup section */

/* Begin PBXNativeTarget section */
		249EFE3E1E64FAFE00165E39 /* StackLayoutExample */ = {
			isa = PBXNativeTarget;
			buildConfigurationList = 249EFE671E64FAFE00165E39 /* Build configuration list for PBXNativeTarget "StackLayoutExample" */;
			buildPhases = (
				DDE1EE639E8C959FEBC41FDC /* [CP] Check Pods Manifest.lock */,
				249EFE3B1E64FAFE00165E39 /* Sources */,
				249EFE3C1E64FAFE00165E39 /* Frameworks */,
				249EFE3D1E64FAFE00165E39 /* Resources */,
				5D3C4568AFC08267110D9971 /* [CP] Embed Pods Frameworks */,
				CCCCC7EE5AE16BA960D7DB4F /* [CP] Copy Pods Resources */,
				24E6547E1E68F88D00A72A8B /* Run Swiftlint */,
				2468130D1F8D013600462E53 /* Embed App Extensions */,
			);
			buildRules = (
			);
			dependencies = (
			);
			name = StackLayoutExample;
			productName = PinLayoutSample;
			productReference = 249EFE3F1E64FAFE00165E39 /* StackLayoutExample.app */;
			productType = "com.apple.product-type.application";
		};
/* End PBXNativeTarget section */

/* Begin PBXProject section */
		249EFE371E64FAFE00165E39 /* Project object */ = {
			isa = PBXProject;
			attributes = {
				LastSwiftUpdateCheck = 0900;
				LastUpgradeCheck = 0900;
				ORGANIZATIONNAME = Mirego;
				TargetAttributes = {
					249EFE3E1E64FAFE00165E39 = {
						CreatedOnToolsVersion = 8.2.1;
						ProvisioningStyle = Automatic;
					};
				};
			};
			buildConfigurationList = 249EFE3A1E64FAFE00165E39 /* Build configuration list for PBXProject "StackLayoutExample" */;
			compatibilityVersion = "Xcode 3.2";
			developmentRegion = English;
			hasScannedForEncodings = 0;
			knownRegions = (
				en,
				Base,
			);
			mainGroup = 249EFE361E64FAFE00165E39;
			productRefGroup = 249EFE401E64FAFE00165E39 /* Products */;
			projectDirPath = "";
			projectReferences = (
				{
					ProductGroup = 24EC06AE1FD2550300459C62 /* Products */;
					ProjectRef = 24EC06AD1FD2550300459C62 /* StackLayout.xcodeproj */;
				},
			);
			projectRoot = "";
			targets = (
				249EFE3E1E64FAFE00165E39 /* StackLayoutExample */,
			);
		};
/* End PBXProject section */

/* Begin PBXReferenceProxy section */
		24EC06B41FD2550300459C62 /* StackLayout.framework */ = {
			isa = PBXReferenceProxy;
			fileType = wrapper.framework;
			path = StackLayout.framework;
			remoteRef = 24EC06B31FD2550300459C62 /* PBXContainerItemProxy */;
			sourceTree = BUILT_PRODUCTS_DIR;
		};
		24EC06B61FD2550300459C62 /* StackLayoutTests.xctest */ = {
			isa = PBXReferenceProxy;
			fileType = wrapper.cfbundle;
			path = StackLayoutTests.xctest;
			remoteRef = 24EC06B51FD2550300459C62 /* PBXContainerItemProxy */;
			sourceTree = BUILT_PRODUCTS_DIR;
		};
		24EC06B81FD2550300459C62 /* StackLayoutTVOS.framework */ = {
			isa = PBXReferenceProxy;
			fileType = wrapper.framework;
			path = StackLayoutTVOS.framework;
			remoteRef = 24EC06B71FD2550300459C62 /* PBXContainerItemProxy */;
			sourceTree = BUILT_PRODUCTS_DIR;
		};
/* End PBXReferenceProxy section */

/* Begin PBXResourcesBuildPhase section */
		249EFE3D1E64FAFE00165E39 /* Resources */ = {
			isa = PBXResourcesBuildPhase;
			buildActionMask = 2147483647;
			files = (
				249EFE4D1E64FAFE00165E39 /* LaunchScreen.storyboard in Resources */,
				249EFE4A1E64FAFE00165E39 /* Assets.xcassets in Resources */,
				DF8B0314200BE042008FF4CA /* Autolayout.storyboard in Resources */,
			);
			runOnlyForDeploymentPostprocessing = 0;
		};
/* End PBXResourcesBuildPhase section */

/* Begin PBXShellScriptBuildPhase section */
		24E6547E1E68F88D00A72A8B /* Run Swiftlint */ = {
			isa = PBXShellScriptBuildPhase;
			buildActionMask = 2147483647;
			files = (
			);
			inputPaths = (
			);
			name = "Run Swiftlint";
			outputPaths = (
			);
			runOnlyForDeploymentPostprocessing = 0;
			shellPath = /bin/sh;
			shellScript = ../Pods/SwiftLint/swiftlint;
		};
		5D3C4568AFC08267110D9971 /* [CP] Embed Pods Frameworks */ = {
			isa = PBXShellScriptBuildPhase;
			buildActionMask = 2147483647;
			files = (
			);
			inputPaths = (
				"${SRCROOT}/../Pods/Target Support Files/Pods-StackLayoutExample/Pods-StackLayoutExample-frameworks.sh",
				"${BUILT_PRODUCTS_DIR}/PinLayout/PinLayout.framework",
				"${BUILT_PRODUCTS_DIR}/FlexLayout/FlexLayout.framework",
				"${PODS_ROOT}/Reveal-SDK/RevealServer-10/iOS/RevealServer.framework",
				"${BUILT_PRODUCTS_DIR}/StackViewLayout/StackViewLayout.framework",
				"${BUILT_PRODUCTS_DIR}/Yoga/yoga.framework",
			);
			name = "[CP] Embed Pods Frameworks";
			outputPaths = (
				"${TARGET_BUILD_DIR}/${FRAMEWORKS_FOLDER_PATH}/PinLayout.framework",
				"${TARGET_BUILD_DIR}/${FRAMEWORKS_FOLDER_PATH}/FlexLayout.framework",
				"${TARGET_BUILD_DIR}/${FRAMEWORKS_FOLDER_PATH}/RevealServer.framework",
				"${TARGET_BUILD_DIR}/${FRAMEWORKS_FOLDER_PATH}/StackViewLayout.framework",
				"${TARGET_BUILD_DIR}/${FRAMEWORKS_FOLDER_PATH}/yoga.framework",
			);
			runOnlyForDeploymentPostprocessing = 0;
			shellPath = /bin/sh;
			shellScript = "\"${SRCROOT}/../Pods/Target Support Files/Pods-StackLayoutExample/Pods-StackLayoutExample-frameworks.sh\"\n";
			showEnvVarsInLog = 0;
		};
		CCCCC7EE5AE16BA960D7DB4F /* [CP] Copy Pods Resources */ = {
			isa = PBXShellScriptBuildPhase;
			buildActionMask = 2147483647;
			files = (
			);
			inputPaths = (
			);
			name = "[CP] Copy Pods Resources";
			outputPaths = (
			);
			runOnlyForDeploymentPostprocessing = 0;
			shellPath = /bin/sh;
			shellScript = "\"${SRCROOT}/../Pods/Target Support Files/Pods-StackLayoutExample/Pods-StackLayoutExample-resources.sh\"\n";
			showEnvVarsInLog = 0;
		};
		DDE1EE639E8C959FEBC41FDC /* [CP] Check Pods Manifest.lock */ = {
			isa = PBXShellScriptBuildPhase;
			buildActionMask = 2147483647;
			files = (
			);
			inputPaths = (
				"${PODS_PODFILE_DIR_PATH}/Podfile.lock",
				"${PODS_ROOT}/Manifest.lock",
			);
			name = "[CP] Check Pods Manifest.lock";
			outputPaths = (
				"$(DERIVED_FILE_DIR)/Pods-StackLayoutExample-checkManifestLockResult.txt",
			);
			runOnlyForDeploymentPostprocessing = 0;
			shellPath = /bin/sh;
			shellScript = "diff \"${PODS_PODFILE_DIR_PATH}/Podfile.lock\" \"${PODS_ROOT}/Manifest.lock\" > /dev/null\nif [ $? != 0 ] ; then\n    # print error to STDERR\n    echo \"error: The sandbox is not in sync with the Podfile.lock. Run 'pod install' or update your CocoaPods installation.\" >&2\n    exit 1\nfi\n# This output is used by Xcode 'outputs' to avoid re-running this script phase.\necho \"SUCCESS\" > \"${SCRIPT_OUTPUT_FILE_0}\"\n";
			showEnvVarsInLog = 0;
		};
/* End PBXShellScriptBuildPhase section */

/* Begin PBXSourcesBuildPhase section */
		249EFE3B1E64FAFE00165E39 /* Sources */ = {
			isa = PBXSourcesBuildPhase;
			buildActionMask = 2147483647;
			files = (
				DFE6FF29202DC9F5007633A3 /* CollectionViewExampleView.swift in Sources */,
				24EC06EF1FD87DD300459C62 /* DocExamplesViewController.swift in Sources */,
				24F246141FA8D57100B6332E /* UIImageView+Download.swift in Sources */,
				DFEE3CCE202BDC24004AEC4F /* UnitTestsViewController.swift in Sources */,
				24DA374B1EF7F90600D1AB2F /* BaseFormView.swift in Sources */,
				DFE6FF28202DC9F2007633A3 /* CollectionViewExampleViewController.swift in Sources */,
				247157941F87BD680003424F /* UIEdgeInsets+PinLayout.swift in Sources */,
				2423C79F1FD0B00B00C794AE /* IntroViewController.swift in Sources */,
				DFEE3CD2202BDC2E004AEC4F /* UnitTestsView.swift in Sources */,
				24EC06EE1FD87DD300459C62 /* DocExamplesView.swift in Sources */,
				2479AD802001737300F39774 /* BasicButton.swift in Sources */,
				DF8B0312200BE028008FF4CA /* AutolayoutViewController.swift in Sources */,
				2439CC351E665BF6003326FB /* MenuView.swift in Sources */,
				2493268C1EEEEFF100BCB814 /* BaseViewController.swift in Sources */,
				2439CC4B1E665C6B003326FB /* BasicView.swift in Sources */,
				249EFE431E64FAFE00165E39 /* AppDelegate.swift in Sources */,
				DFE6FF2A202DC9F8007633A3 /* HouseCell.swift in Sources */,
				2439CC361E665BF6003326FB /* MenuViewController.swift in Sources */,
				249326891EEEEE3D00BCB814 /* Stylesheet.swift in Sources */,
				2423C79E1FD0B00B00C794AE /* IntroView.swift in Sources */,
				2493268E1EEEF02700BCB814 /* BaseView.swift in Sources */,
			);
			runOnlyForDeploymentPostprocessing = 0;
		};
/* End PBXSourcesBuildPhase section */

/* Begin PBXVariantGroup section */
		249EFE4B1E64FAFE00165E39 /* LaunchScreen.storyboard */ = {
			isa = PBXVariantGroup;
			children = (
				249EFE4C1E64FAFE00165E39 /* Base */,
			);
			name = LaunchScreen.storyboard;
			path = .;
			sourceTree = "<group>";
		};
/* End PBXVariantGroup section */

/* Begin XCBuildConfiguration section */
		249EFE651E64FAFE00165E39 /* Debug */ = {
			isa = XCBuildConfiguration;
			buildSettings = {
				ALWAYS_SEARCH_USER_PATHS = NO;
				CLANG_ANALYZER_NONNULL = YES;
				CLANG_CXX_LANGUAGE_STANDARD = "gnu++0x";
				CLANG_CXX_LIBRARY = "libc++";
				CLANG_ENABLE_MODULES = YES;
				CLANG_ENABLE_OBJC_ARC = YES;
				CLANG_WARN_BLOCK_CAPTURE_AUTORELEASING = YES;
				CLANG_WARN_BOOL_CONVERSION = YES;
				CLANG_WARN_COMMA = YES;
				CLANG_WARN_CONSTANT_CONVERSION = YES;
				CLANG_WARN_DIRECT_OBJC_ISA_USAGE = YES_ERROR;
				CLANG_WARN_DOCUMENTATION_COMMENTS = YES;
				CLANG_WARN_EMPTY_BODY = YES;
				CLANG_WARN_ENUM_CONVERSION = YES;
				CLANG_WARN_INFINITE_RECURSION = YES;
				CLANG_WARN_INT_CONVERSION = YES;
				CLANG_WARN_NON_LITERAL_NULL_CONVERSION = YES;
				CLANG_WARN_OBJC_LITERAL_CONVERSION = YES;
				CLANG_WARN_OBJC_ROOT_CLASS = YES_ERROR;
				CLANG_WARN_RANGE_LOOP_ANALYSIS = YES;
				CLANG_WARN_STRICT_PROTOTYPES = YES;
				CLANG_WARN_SUSPICIOUS_MOVE = YES;
				CLANG_WARN_UNREACHABLE_CODE = YES;
				CLANG_WARN__DUPLICATE_METHOD_MATCH = YES;
				"CODE_SIGN_IDENTITY[sdk=iphoneos*]" = "iPhone Developer";
				COPY_PHASE_STRIP = NO;
				DEBUG_INFORMATION_FORMAT = dwarf;
				ENABLE_STRICT_OBJC_MSGSEND = YES;
				ENABLE_TESTABILITY = YES;
				GCC_C_LANGUAGE_STANDARD = gnu99;
				GCC_DYNAMIC_NO_PIC = NO;
				GCC_NO_COMMON_BLOCKS = YES;
				GCC_OPTIMIZATION_LEVEL = 0;
				GCC_PREPROCESSOR_DEFINITIONS = (
					"DEBUG=1",
					"$(inherited)",
				);
				GCC_WARN_64_TO_32_BIT_CONVERSION = YES;
				GCC_WARN_ABOUT_RETURN_TYPE = YES_ERROR;
				GCC_WARN_UNDECLARED_SELECTOR = YES;
				GCC_WARN_UNINITIALIZED_AUTOS = YES_AGGRESSIVE;
				GCC_WARN_UNUSED_FUNCTION = YES;
				GCC_WARN_UNUSED_VARIABLE = YES;
				IPHONEOS_DEPLOYMENT_TARGET = 9.0;
				MTL_ENABLE_DEBUG_INFO = YES;
				ONLY_ACTIVE_ARCH = YES;
				SDKROOT = iphoneos;
				SWIFT_ACTIVE_COMPILATION_CONDITIONS = DEBUG;
				SWIFT_OPTIMIZATION_LEVEL = "-Onone";
				TARGETED_DEVICE_FAMILY = "1,2";
			};
			name = Debug;
		};
		249EFE661E64FAFE00165E39 /* Release */ = {
			isa = XCBuildConfiguration;
			buildSettings = {
				ALWAYS_SEARCH_USER_PATHS = NO;
				CLANG_ANALYZER_NONNULL = YES;
				CLANG_CXX_LANGUAGE_STANDARD = "gnu++0x";
				CLANG_CXX_LIBRARY = "libc++";
				CLANG_ENABLE_MODULES = YES;
				CLANG_ENABLE_OBJC_ARC = YES;
				CLANG_WARN_BLOCK_CAPTURE_AUTORELEASING = YES;
				CLANG_WARN_BOOL_CONVERSION = YES;
				CLANG_WARN_COMMA = YES;
				CLANG_WARN_CONSTANT_CONVERSION = YES;
				CLANG_WARN_DIRECT_OBJC_ISA_USAGE = YES_ERROR;
				CLANG_WARN_DOCUMENTATION_COMMENTS = YES;
				CLANG_WARN_EMPTY_BODY = YES;
				CLANG_WARN_ENUM_CONVERSION = YES;
				CLANG_WARN_INFINITE_RECURSION = YES;
				CLANG_WARN_INT_CONVERSION = YES;
				CLANG_WARN_NON_LITERAL_NULL_CONVERSION = YES;
				CLANG_WARN_OBJC_LITERAL_CONVERSION = YES;
				CLANG_WARN_OBJC_ROOT_CLASS = YES_ERROR;
				CLANG_WARN_RANGE_LOOP_ANALYSIS = YES;
				CLANG_WARN_STRICT_PROTOTYPES = YES;
				CLANG_WARN_SUSPICIOUS_MOVE = YES;
				CLANG_WARN_UNREACHABLE_CODE = YES;
				CLANG_WARN__DUPLICATE_METHOD_MATCH = YES;
				"CODE_SIGN_IDENTITY[sdk=iphoneos*]" = "iPhone Developer";
				COPY_PHASE_STRIP = NO;
				DEBUG_INFORMATION_FORMAT = "dwarf-with-dsym";
				ENABLE_NS_ASSERTIONS = NO;
				ENABLE_STRICT_OBJC_MSGSEND = YES;
				GCC_C_LANGUAGE_STANDARD = gnu99;
				GCC_NO_COMMON_BLOCKS = YES;
				GCC_WARN_64_TO_32_BIT_CONVERSION = YES;
				GCC_WARN_ABOUT_RETURN_TYPE = YES_ERROR;
				GCC_WARN_UNDECLARED_SELECTOR = YES;
				GCC_WARN_UNINITIALIZED_AUTOS = YES_AGGRESSIVE;
				GCC_WARN_UNUSED_FUNCTION = YES;
				GCC_WARN_UNUSED_VARIABLE = YES;
				IPHONEOS_DEPLOYMENT_TARGET = 9.0;
				MTL_ENABLE_DEBUG_INFO = NO;
				SDKROOT = iphoneos;
				SWIFT_OPTIMIZATION_LEVEL = "-Owholemodule";
				TARGETED_DEVICE_FAMILY = "1,2";
				VALIDATE_PRODUCT = YES;
			};
			name = Release;
		};
		249EFE681E64FAFE00165E39 /* Debug */ = {
			isa = XCBuildConfiguration;
			baseConfigurationReference = 75A95B71B3F3BC52EEC8208B /* Pods-StackLayoutExample.debug.xcconfig */;
			buildSettings = {
				ASSETCATALOG_COMPILER_APPICON_NAME = AppIcon;
				CODE_SIGN_IDENTITY = "iPhone Developer";
				DEVELOPMENT_TEAM = "";
				INFOPLIST_FILE = "StackLayoutExample/Supporting Files/Info.plist";
				LD_RUNPATH_SEARCH_PATHS = "$(inherited) @executable_path/Frameworks";
				PRODUCT_BUNDLE_IDENTIFIER = com.layoutBox.StackLayoutExample;
				PRODUCT_NAME = "$(TARGET_NAME)";
				SWIFT_OBJC_BRIDGING_HEADER = "";
				SWIFT_OPTIMIZATION_LEVEL = "-Onone";
				SWIFT_VERSION = 3.0;
			};
			name = Debug;
		};
		249EFE691E64FAFE00165E39 /* Release */ = {
			isa = XCBuildConfiguration;
			baseConfigurationReference = 6C5CD8EA1E5BB0E5D392D540 /* Pods-StackLayoutExample.release.xcconfig */;
			buildSettings = {
				ASSETCATALOG_COMPILER_APPICON_NAME = AppIcon;
				CODE_SIGN_IDENTITY = "iPhone Developer";
				DEVELOPMENT_TEAM = "";
				INFOPLIST_FILE = "StackLayoutExample/Supporting Files/Info.plist";
				LD_RUNPATH_SEARCH_PATHS = "$(inherited) @executable_path/Frameworks";
				PRODUCT_BUNDLE_IDENTIFIER = com.layoutBox.StackLayoutExample;
				PRODUCT_NAME = "$(TARGET_NAME)";
				SWIFT_OBJC_BRIDGING_HEADER = "";
				SWIFT_VERSION = 3.0;
			};
			name = Release;
		};
/* End XCBuildConfiguration section */

/* Begin XCConfigurationList section */
		249EFE3A1E64FAFE00165E39 /* Build configuration list for PBXProject "StackLayoutExample" */ = {
			isa = XCConfigurationList;
			buildConfigurations = (
				249EFE651E64FAFE00165E39 /* Debug */,
				249EFE661E64FAFE00165E39 /* Release */,
			);
			defaultConfigurationIsVisible = 0;
			defaultConfigurationName = Release;
		};
		249EFE671E64FAFE00165E39 /* Build configuration list for PBXNativeTarget "StackLayoutExample" */ = {
			isa = XCConfigurationList;
			buildConfigurations = (
				249EFE681E64FAFE00165E39 /* Debug */,
				249EFE691E64FAFE00165E39 /* Release */,
			);
			defaultConfigurationIsVisible = 0;
			defaultConfigurationName = Release;
		};
/* End XCConfigurationList section */
	};
	rootObject = 249EFE371E64FAFE00165E39 /* Project object */;
}
